
Microsoft Visual Studio Solution File, Format Version 12.00
# Visual Studio Version 16
VisualStudioVersion = 16.0.29411.138
MinimumVisualStudioVersion = 10.0.40219.1
Project("{FAE04EC0-301F-11D3-BF4B-00C04F79EFBC}") = "Portal.Web", "src\Portal.Web\Portal.Web.csproj", "{70B51810-82BC-4EC5-9A70-1ECD70424FBC}"
EndProject
Project("{FAE04EC0-301F-11D3-BF4B-00C04F79EFBC}") = "Portal", "src\Portal\Portal.csproj", "{1D91F64D-BF04-486B-B0AB-49127C0A52D8}"
EndProject
Global
	GlobalSection(SolutionConfigurationPlatforms) = preSolution
		Debug|Any CPU = Debug|Any CPU
		Release|Any CPU = Release|Any CPU
	EndGlobalSection
	GlobalSection(ProjectConfigurationPlatforms) = postSolution
		{70B51810-82BC-4EC5-9A70-1ECD70424FBC}.Debug|Any CPU.ActiveCfg = Debug|Any CPU
		{70B51810-82BC-4EC5-9A70-1ECD70424FBC}.Debug|Any CPU.Build.0 = Debug|Any CPU
		{70B51810-82BC-4EC5-9A70-1ECD70424FBC}.Release|Any CPU.ActiveCfg = Release|Any CPU
		{70B51810-82BC-4EC5-9A70-1ECD70424FBC}.Release|Any CPU.Build.0 = Release|Any CPU
		{1D91F64D-BF04-486B-B0AB-49127C0A52D8}.Debug|Any CPU.ActiveCfg = Debug|Any CPU
		{1D91F64D-BF04-486B-B0AB-49127C0A52D8}.Debug|Any CPU.Build.0 = Debug|Any CPU
		{1D91F64D-BF04-486B-B0AB-49127C0A52D8}.Release|Any CPU.ActiveCfg = Release|Any CPU
		{1D91F64D-BF04-486B-B0AB-49127C0A52D8}.Release|Any CPU.Build.0 = Release|Any CPU
	EndGlobalSection
	GlobalSection(SolutionProperties) = preSolution
		HideSolutionNode = FALSE
	EndGlobalSection
	GlobalSection(ExtensibilityGlobals) = postSolution
		SolutionGuid = {45C0E7CD-F0A5-492A-9972-E2B0FA5DECE6}
	EndGlobalSection
EndGlobal
